// !$*UTF8*$!
{
	archiveVersion = 1;
	classes = {
	};
	objectVersion = 46;
	objects = {

/* Begin PBXBuildFile section */
		07332E3C18D4D1C200BC197E /* Foundation.framework in Frameworks */ = {isa = PBXBuildFile; fileRef = 07332E3B18D4D1C200BC197E /* Foundation.framework */; };
		07332E3E18D4D1C200BC197E /* CoreGraphics.framework in Frameworks */ = {isa = PBXBuildFile; fileRef = 07332E3D18D4D1C200BC197E /* CoreGraphics.framework */; };
		07332E4018D4D1C200BC197E /* UIKit.framework in Frameworks */ = {isa = PBXBuildFile; fileRef = 07332E3F18D4D1C200BC197E /* UIKit.framework */; };
		07332E4618D4D1C200BC197E /* InfoPlist.strings in Resources */ = {isa = PBXBuildFile; fileRef = 07332E4418D4D1C200BC197E /* InfoPlist.strings */; };
		07332E4818D4D1C200BC197E /* main.m in Sources */ = {isa = PBXBuildFile; fileRef = 07332E4718D4D1C200BC197E /* main.m */; };
		07332E4C18D4D1C200BC197E /* EVAppDelegate.m in Sources */ = {isa = PBXBuildFile; fileRef = 07332E4B18D4D1C200BC197E /* EVAppDelegate.m */; };
		07332E4E18D4D1C200BC197E /* Images.xcassets in Resources */ = {isa = PBXBuildFile; fileRef = 07332E4D18D4D1C200BC197E /* Images.xcassets */; };
		07332E5518D4D1C200BC197E /* XCTest.framework in Frameworks */ = {isa = PBXBuildFile; fileRef = 07332E5418D4D1C200BC197E /* XCTest.framework */; };
		07332E5618D4D1C200BC197E /* Foundation.framework in Frameworks */ = {isa = PBXBuildFile; fileRef = 07332E3B18D4D1C200BC197E /* Foundation.framework */; };
		07332E5718D4D1C200BC197E /* UIKit.framework in Frameworks */ = {isa = PBXBuildFile; fileRef = 07332E3F18D4D1C200BC197E /* UIKit.framework */; };
		07332E5F18D4D1C200BC197E /* InfoPlist.strings in Resources */ = {isa = PBXBuildFile; fileRef = 07332E5D18D4D1C200BC197E /* InfoPlist.strings */; };
		07332E6118D4D1C200BC197E /* ProfileViewerTests.m in Sources */ = {isa = PBXBuildFile; fileRef = 07332E6018D4D1C200BC197E /* ProfileViewerTests.m */; };
		07332E6D18D4D2C000BC197E /* DashboardViewController.xib in Resources */ = {isa = PBXBuildFile; fileRef = 07332E6C18D4D2C000BC197E /* DashboardViewController.xib */; };
		07332E7318D4D68000BC197E /* EVDashboardViewController.m in Sources */ = {isa = PBXBuildFile; fileRef = 07332E7218D4D68000BC197E /* EVDashboardViewController.m */; };
		07332E7B18D4D6F000BC197E /* EVProfileViewerViewController.m in Sources */ = {isa = PBXBuildFile; fileRef = 07332E7A18D4D6F000BC197E /* EVProfileViewerViewController.m */; };
		07332E7F18D5313800BC197E /* ProfileViewerView.xib in Resources */ = {isa = PBXBuildFile; fileRef = 07332E7E18D5313800BC197E /* ProfileViewerView.xib */; };
		07332E8218D5546D00BC197E /* EVProfileViewController.m in Sources */ = {isa = PBXBuildFile; fileRef = 07332E8118D5546D00BC197E /* EVProfileViewController.m */; };
		07332E8718D5745F00BC197E /* EVUser.m in Sources */ = {isa = PBXBuildFile; fileRef = 07332E8618D5745F00BC197E /* EVUser.m */; };
		07332E8A18D5760500BC197E /* EVModelController.m in Sources */ = {isa = PBXBuildFile; fileRef = 07332E8918D5760500BC197E /* EVModelController.m */; };
/* End PBXBuildFile section */

/* Begin PBXContainerItemProxy section */
		07332E5818D4D1C200BC197E /* PBXContainerItemProxy */ = {
			isa = PBXContainerItemProxy;
			containerPortal = 07332E3018D4D1C200BC197E /* Project object */;
			proxyType = 1;
			remoteGlobalIDString = 07332E3718D4D1C200BC197E;
			remoteInfo = ProfileViewer;
		};
/* End PBXContainerItemProxy section */

/* Begin PBXFileReference section */
		07332E3818D4D1C200BC197E /* ProfileViewer.app */ = {isa = PBXFileReference; explicitFileType = wrapper.application; includeInIndex = 0; path = ProfileViewer.app; sourceTree = BUILT_PRODUCTS_DIR; };
		07332E3B18D4D1C200BC197E /* Foundation.framework */ = {isa = PBXFileReference; lastKnownFileType = wrapper.framework; name = Foundation.framework; path = System/Library/Frameworks/Foundation.framework; sourceTree = SDKROOT; };
		07332E3D18D4D1C200BC197E /* CoreGraphics.framework */ = {isa = PBXFileReference; lastKnownFileType = wrapper.framework; name = CoreGraphics.framework; path = System/Library/Frameworks/CoreGraphics.framework; sourceTree = SDKROOT; };
		07332E3F18D4D1C200BC197E /* UIKit.framework */ = {isa = PBXFileReference; lastKnownFileType = wrapper.framework; name = UIKit.framework; path = System/Library/Frameworks/UIKit.framework; sourceTree = SDKROOT; };
		07332E4318D4D1C200BC197E /* ProfileViewer-Info.plist */ = {isa = PBXFileReference; lastKnownFileType = text.plist.xml; path = "ProfileViewer-Info.plist"; sourceTree = "<group>"; };
		07332E4518D4D1C200BC197E /* en */ = {isa = PBXFileReference; lastKnownFileType = text.plist.strings; name = en; path = en.lproj/InfoPlist.strings; sourceTree = "<group>"; };
		07332E4718D4D1C200BC197E /* main.m */ = {isa = PBXFileReference; lastKnownFileType = sourcecode.c.objc; path = main.m; sourceTree = "<group>"; };
		07332E4918D4D1C200BC197E /* ProfileViewer-Prefix.pch */ = {isa = PBXFileReference; lastKnownFileType = sourcecode.c.h; path = "ProfileViewer-Prefix.pch"; sourceTree = "<group>"; };
		07332E4A18D4D1C200BC197E /* EVAppDelegate.h */ = {isa = PBXFileReference; lastKnownFileType = sourcecode.c.h; path = EVAppDelegate.h; sourceTree = "<group>"; };
		07332E4B18D4D1C200BC197E /* EVAppDelegate.m */ = {isa = PBXFileReference; lastKnownFileType = sourcecode.c.objc; path = EVAppDelegate.m; sourceTree = "<group>"; };
		07332E4D18D4D1C200BC197E /* Images.xcassets */ = {isa = PBXFileReference; lastKnownFileType = folder.assetcatalog; path = Images.xcassets; sourceTree = "<group>"; };
		07332E5318D4D1C200BC197E /* ProfileViewerTests.xctest */ = {isa = PBXFileReference; explicitFileType = wrapper.cfbundle; includeInIndex = 0; path = ProfileViewerTests.xctest; sourceTree = BUILT_PRODUCTS_DIR; };
		07332E5418D4D1C200BC197E /* XCTest.framework */ = {isa = PBXFileReference; lastKnownFileType = wrapper.framework; name = XCTest.framework; path = Library/Frameworks/XCTest.framework; sourceTree = DEVELOPER_DIR; };
		07332E5C18D4D1C200BC197E /* ProfileViewerTests-Info.plist */ = {isa = PBXFileReference; lastKnownFileType = text.plist.xml; path = "ProfileViewerTests-Info.plist"; sourceTree = "<group>"; };
		07332E5E18D4D1C200BC197E /* en */ = {isa = PBXFileReference; lastKnownFileType = text.plist.strings; name = en; path = en.lproj/InfoPlist.strings; sourceTree = "<group>"; };
		07332E6018D4D1C200BC197E /* ProfileViewerTests.m */ = {isa = PBXFileReference; lastKnownFileType = sourcecode.c.objc; path = ProfileViewerTests.m; sourceTree = "<group>"; };
		07332E6C18D4D2C000BC197E /* DashboardViewController.xib */ = {isa = PBXFileReference; fileEncoding = 4; lastKnownFileType = file.xib; path = DashboardViewController.xib; sourceTree = "<group>"; };
		07332E7118D4D68000BC197E /* EVDashboardViewController.h */ = {isa = PBXFileReference; fileEncoding = 4; lastKnownFileType = sourcecode.c.h; path = EVDashboardViewController.h; sourceTree = "<group>"; };
		07332E7218D4D68000BC197E /* EVDashboardViewController.m */ = {isa = PBXFileReference; fileEncoding = 4; lastKnownFileType = sourcecode.c.objc; path = EVDashboardViewController.m; sourceTree = "<group>"; };
		07332E7918D4D6F000BC197E /* EVProfileViewerViewController.h */ = {isa = PBXFileReference; fileEncoding = 4; lastKnownFileType = sourcecode.c.h; path = EVProfileViewerViewController.h; sourceTree = "<group>"; };
		07332E7A18D4D6F000BC197E /* EVProfileViewerViewController.m */ = {isa = PBXFileReference; fileEncoding = 4; lastKnownFileType = sourcecode.c.objc; path = EVProfileViewerViewController.m; sourceTree = "<group>"; };
		07332E7E18D5313800BC197E /* ProfileViewerView.xib */ = {isa = PBXFileReference; fileEncoding = 4; lastKnownFileType = file.xib; path = ProfileViewerView.xib; sourceTree = "<group>"; };
		07332E8018D5546D00BC197E /* EVProfileViewController.h */ = {isa = PBXFileReference; fileEncoding = 4; lastKnownFileType = sourcecode.c.h; path = EVProfileViewController.h; sourceTree = "<group>"; };
		07332E8118D5546D00BC197E /* EVProfileViewController.m */ = {isa = PBXFileReference; fileEncoding = 4; lastKnownFileType = sourcecode.c.objc; path = EVProfileViewController.m; sourceTree = "<group>"; };
		07332E8518D5745F00BC197E /* EVUser.h */ = {isa = PBXFileReference; fileEncoding = 4; lastKnownFileType = sourcecode.c.h; path = EVUser.h; sourceTree = "<group>"; };
		07332E8618D5745F00BC197E /* EVUser.m */ = {isa = PBXFileReference; fileEncoding = 4; lastKnownFileType = sourcecode.c.objc; path = EVUser.m; sourceTree = "<group>"; };
		07332E8818D5760500BC197E /* EVModelController.h */ = {isa = PBXFileReference; fileEncoding = 4; lastKnownFileType = sourcecode.c.h; path = EVModelController.h; sourceTree = "<group>"; };
		07332E8918D5760500BC197E /* EVModelController.m */ = {isa = PBXFileReference; fileEncoding = 4; lastKnownFileType = sourcecode.c.objc; path = EVModelController.m; sourceTree = "<group>"; };
/* End PBXFileReference section */

/* Begin PBXFrameworksBuildPhase section */
		07332E3518D4D1C200BC197E /* Frameworks */ = {
			isa = PBXFrameworksBuildPhase;
			buildActionMask = 2147483647;
			files = (
				07332E3E18D4D1C200BC197E /* CoreGraphics.framework in Frameworks */,
				07332E4018D4D1C200BC197E /* UIKit.framework in Frameworks */,
				07332E3C18D4D1C200BC197E /* Foundation.framework in Frameworks */,
			);
			runOnlyForDeploymentPostprocessing = 0;
		};
		07332E5018D4D1C200BC197E /* Frameworks */ = {
			isa = PBXFrameworksBuildPhase;
			buildActionMask = 2147483647;
			files = (
				07332E5518D4D1C200BC197E /* XCTest.framework in Frameworks */,
				07332E5718D4D1C200BC197E /* UIKit.framework in Frameworks */,
				07332E5618D4D1C200BC197E /* Foundation.framework in Frameworks */,
			);
			runOnlyForDeploymentPostprocessing = 0;
		};
/* End PBXFrameworksBuildPhase section */

/* Begin PBXGroup section */
		07332E2F18D4D1C200BC197E = {
			isa = PBXGroup;
			children = (
				07332E4118D4D1C200BC197E /* ProfileViewer */,
				07332E5A18D4D1C200BC197E /* ProfileViewerTests */,
				07332E3A18D4D1C200BC197E /* Frameworks */,
				07332E3918D4D1C200BC197E /* Products */,
			);
			sourceTree = "<group>";
		};
		07332E3918D4D1C200BC197E /* Products */ = {
			isa = PBXGroup;
			children = (
				07332E3818D4D1C200BC197E /* ProfileViewer.app */,
				07332E5318D4D1C200BC197E /* ProfileViewerTests.xctest */,
			);
			name = Products;
			sourceTree = "<group>";
		};
		07332E3A18D4D1C200BC197E /* Frameworks */ = {
			isa = PBXGroup;
			children = (
				07332E3B18D4D1C200BC197E /* Foundation.framework */,
				07332E3D18D4D1C200BC197E /* CoreGraphics.framework */,
				07332E3F18D4D1C200BC197E /* UIKit.framework */,
				07332E5418D4D1C200BC197E /* XCTest.framework */,
			);
			name = Frameworks;
			sourceTree = "<group>";
		};
		07332E4118D4D1C200BC197E /* ProfileViewer */ = {
			isa = PBXGroup;
			children = (
				07332E7818D4D6F000BC197E /* ProfileViewer */,
				07332E6A18D4D28200BC197E /* Controllers */,
				07332E8418D5744400BC197E /* Model */,
				07332E6B18D4D28200BC197E /* Views */,
				07332E4A18D4D1C200BC197E /* EVAppDelegate.h */,
				07332E4B18D4D1C200BC197E /* EVAppDelegate.m */,
				07332E4D18D4D1C200BC197E /* Images.xcassets */,
				07332E4218D4D1C200BC197E /* Supporting Files */,
			);
			path = ProfileViewer;
			sourceTree = "<group>";
		};
		07332E4218D4D1C200BC197E /* Supporting Files */ = {
			isa = PBXGroup;
			children = (
				07332E4318D4D1C200BC197E /* ProfileViewer-Info.plist */,
				07332E4418D4D1C200BC197E /* InfoPlist.strings */,
				07332E4718D4D1C200BC197E /* main.m */,
				07332E4918D4D1C200BC197E /* ProfileViewer-Prefix.pch */,
			);
			name = "Supporting Files";
			sourceTree = "<group>";
		};
		07332E5A18D4D1C200BC197E /* ProfileViewerTests */ = {
			isa = PBXGroup;
			children = (
				07332E6018D4D1C200BC197E /* ProfileViewerTests.m */,
				07332E5B18D4D1C200BC197E /* Supporting Files */,
			);
			path = ProfileViewerTests;
			sourceTree = "<group>";
		};
		07332E5B18D4D1C200BC197E /* Supporting Files */ = {
			isa = PBXGroup;
			children = (
				07332E5C18D4D1C200BC197E /* ProfileViewerTests-Info.plist */,
				07332E5D18D4D1C200BC197E /* InfoPlist.strings */,
			);
			name = "Supporting Files";
			sourceTree = "<group>";
		};
		07332E6A18D4D28200BC197E /* Controllers */ = {
			isa = PBXGroup;
			children = (
				07332E7118D4D68000BC197E /* EVDashboardViewController.h */,
				07332E7218D4D68000BC197E /* EVDashboardViewController.m */,
				07332E8018D5546D00BC197E /* EVProfileViewController.h */,
				07332E8118D5546D00BC197E /* EVProfileViewController.m */,
			);
			path = Controllers;
			sourceTree = "<group>";
		};
		07332E6B18D4D28200BC197E /* Views */ = {
			isa = PBXGroup;
			children = (
				07332E6C18D4D2C000BC197E /* DashboardViewController.xib */,
				07332E7E18D5313800BC197E /* ProfileViewerView.xib */,
			);
			path = Views;
			sourceTree = "<group>";
		};
		07332E7818D4D6F000BC197E /* ProfileViewer */ = {
			isa = PBXGroup;
			children = (
				07332E7918D4D6F000BC197E /* EVProfileViewerViewController.h */,
				07332E7A18D4D6F000BC197E /* EVProfileViewerViewController.m */,
			);
			path = ProfileViewer;
			sourceTree = "<group>";
		};
		07332E8418D5744400BC197E /* Model */ = {
			isa = PBXGroup;
			children = (
				07332E8518D5745F00BC197E /* EVUser.h */,
				07332E8618D5745F00BC197E /* EVUser.m */,
				07332E8818D5760500BC197E /* EVModelController.h */,
				07332E8918D5760500BC197E /* EVModelController.m */,
			);
			path = Model;
			sourceTree = "<group>";
		};
/* End PBXGroup section */

/* Begin PBXNativeTarget section */
		07332E3718D4D1C200BC197E /* ProfileViewer */ = {
			isa = PBXNativeTarget;
			buildConfigurationList = 07332E6418D4D1C200BC197E /* Build configuration list for PBXNativeTarget "ProfileViewer" */;
			buildPhases = (
				07332E3418D4D1C200BC197E /* Sources */,
				07332E3518D4D1C200BC197E /* Frameworks */,
				07332E3618D4D1C200BC197E /* Resources */,
			);
			buildRules = (
			);
			dependencies = (
			);
			name = ProfileViewer;
			productName = ProfileViewer;
			productReference = 07332E3818D4D1C200BC197E /* ProfileViewer.app */;
			productType = "com.apple.product-type.application";
		};
		07332E5218D4D1C200BC197E /* ProfileViewerTests */ = {
			isa = PBXNativeTarget;
			buildConfigurationList = 07332E6718D4D1C200BC197E /* Build configuration list for PBXNativeTarget "ProfileViewerTests" */;
			buildPhases = (
				07332E4F18D4D1C200BC197E /* Sources */,
				07332E5018D4D1C200BC197E /* Frameworks */,
				07332E5118D4D1C200BC197E /* Resources */,
			);
			buildRules = (
			);
			dependencies = (
				07332E5918D4D1C200BC197E /* PBXTargetDependency */,
			);
			name = ProfileViewerTests;
			productName = ProfileViewerTests;
			productReference = 07332E5318D4D1C200BC197E /* ProfileViewerTests.xctest */;
			productType = "com.apple.product-type.bundle.unit-test";
		};
/* End PBXNativeTarget section */

/* Begin PBXProject section */
		07332E3018D4D1C200BC197E /* Project object */ = {
			isa = PBXProject;
			attributes = {
				CLASSPREFIX = EV;
				LastUpgradeCheck = 0510;
				TargetAttributes = {
					07332E5218D4D1C200BC197E = {
						TestTargetID = 07332E3718D4D1C200BC197E;
					};
				};
			};
			buildConfigurationList = 07332E3318D4D1C200BC197E /* Build configuration list for PBXProject "ProfileViewer" */;
			compatibilityVersion = "Xcode 3.2";
			developmentRegion = English;
			hasScannedForEncodings = 0;
			knownRegions = (
				en,
			);
			mainGroup = 07332E2F18D4D1C200BC197E;
			productRefGroup = 07332E3918D4D1C200BC197E /* Products */;
			projectDirPath = "";
			projectRoot = "";
			targets = (
				07332E3718D4D1C200BC197E /* ProfileViewer */,
				07332E5218D4D1C200BC197E /* ProfileViewerTests */,
			);
		};
/* End PBXProject section */

/* Begin PBXResourcesBuildPhase section */
		07332E3618D4D1C200BC197E /* Resources */ = {
			isa = PBXResourcesBuildPhase;
			buildActionMask = 2147483647;
			files = (
				07332E4618D4D1C200BC197E /* InfoPlist.strings in Resources */,
				07332E7F18D5313800BC197E /* ProfileViewerView.xib in Resources */,
				07332E4E18D4D1C200BC197E /* Images.xcassets in Resources */,
				07332E6D18D4D2C000BC197E /* DashboardViewController.xib in Resources */,
			);
			runOnlyForDeploymentPostprocessing = 0;
		};
		07332E5118D4D1C200BC197E /* Resources */ = {
			isa = PBXResourcesBuildPhase;
			buildActionMask = 2147483647;
			files = (
				07332E5F18D4D1C200BC197E /* InfoPlist.strings in Resources */,
			);
			runOnlyForDeploymentPostprocessing = 0;
		};
/* End PBXResourcesBuildPhase section */

/* Begin PBXSourcesBuildPhase section */
		07332E3418D4D1C200BC197E /* Sources */ = {
			isa = PBXSourcesBuildPhase;
			buildActionMask = 2147483647;
			files = (
				07332E7318D4D68000BC197E /* EVDashboardViewController.m in Sources */,
				07332E8718D5745F00BC197E /* EVUser.m in Sources */,
				07332E4818D4D1C200BC197E /* main.m in Sources */,
				07332E4C18D4D1C200BC197E /* EVAppDelegate.m in Sources */,
				07332E7B18D4D6F000BC197E /* EVProfileViewerViewController.m in Sources */,
				07332E8218D5546D00BC197E /* EVProfileViewController.m in Sources */,
				07332E8A18D5760500BC197E /* EVModelController.m in Sources */,
			);
			runOnlyForDeploymentPostprocessing = 0;
		};
		07332E4F18D4D1C200BC197E /* Sources */ = {
			isa = PBXSourcesBuildPhase;
			buildActionMask = 2147483647;
			files = (
				07332E6118D4D1C200BC197E /* ProfileViewerTests.m in Sources */,
			);
			runOnlyForDeploymentPostprocessing = 0;
		};
/* End PBXSourcesBuildPhase section */

/* Begin PBXTargetDependency section */
		07332E5918D4D1C200BC197E /* PBXTargetDependency */ = {
			isa = PBXTargetDependency;
			target = 07332E3718D4D1C200BC197E /* ProfileViewer */;
			targetProxy = 07332E5818D4D1C200BC197E /* PBXContainerItemProxy */;
		};
/* End PBXTargetDependency section */

/* Begin PBXVariantGroup section */
		07332E4418D4D1C200BC197E /* InfoPlist.strings */ = {
			isa = PBXVariantGroup;
			children = (
				07332E4518D4D1C200BC197E /* en */,
			);
			name = InfoPlist.strings;
			sourceTree = "<group>";
		};
		07332E5D18D4D1C200BC197E /* InfoPlist.strings */ = {
			isa = PBXVariantGroup;
			children = (
				07332E5E18D4D1C200BC197E /* en */,
			);
			name = InfoPlist.strings;
			sourceTree = "<group>";
		};
/* End PBXVariantGroup section */

/* Begin XCBuildConfiguration section */
		07332E6218D4D1C200BC197E /* Debug */ = {
			isa = XCBuildConfiguration;
			buildSettings = {
				ALWAYS_SEARCH_USER_PATHS = NO;
				CLANG_CXX_LANGUAGE_STANDARD = "gnu++0x";
				CLANG_CXX_LIBRARY = "libc++";
				CLANG_ENABLE_MODULES = YES;
				CLANG_ENABLE_OBJC_ARC = YES;
				CLANG_WARN_BOOL_CONVERSION = YES;
				CLANG_WARN_CONSTANT_CONVERSION = YES;
				CLANG_WARN_DIRECT_OBJC_ISA_USAGE = YES_ERROR;
				CLANG_WARN_EMPTY_BODY = YES;
				CLANG_WARN_ENUM_CONVERSION = YES;
				CLANG_WARN_INT_CONVERSION = YES;
				CLANG_WARN_OBJC_ROOT_CLASS = YES_ERROR;
				CLANG_WARN__DUPLICATE_METHOD_MATCH = YES;
				"CODE_SIGN_IDENTITY[sdk=iphoneos*]" = "iPhone Developer";
				COPY_PHASE_STRIP = NO;
				GCC_C_LANGUAGE_STANDARD = gnu99;
				GCC_DYNAMIC_NO_PIC = NO;
				GCC_OPTIMIZATION_LEVEL = 0;
				GCC_PREPROCESSOR_DEFINITIONS = (
					"DEBUG=1",
					"$(inherited)",
				);
				GCC_SYMBOLS_PRIVATE_EXTERN = NO;
				GCC_WARN_64_TO_32_BIT_CONVERSION = YES;
				GCC_WARN_ABOUT_RETURN_TYPE = YES_ERROR;
				GCC_WARN_UNDECLARED_SELECTOR = YES;
				GCC_WARN_UNINITIALIZED_AUTOS = YES_AGGRESSIVE;
				GCC_WARN_UNUSED_FUNCTION = YES;
				GCC_WARN_UNUSED_VARIABLE = YES;
				IPHONEOS_DEPLOYMENT_TARGET = 7.1;
				ONLY_ACTIVE_ARCH = YES;
				SDKROOT = iphoneos;
			};
			name = Debug;
		};
		07332E6318D4D1C200BC197E /* Release */ = {
			isa = XCBuildConfiguration;
			buildSettings = {
				ALWAYS_SEARCH_USER_PATHS = NO;
				CLANG_CXX_LANGUAGE_STANDARD = "gnu++0x";
				CLANG_CXX_LIBRARY = "libc++";
				CLANG_ENABLE_MODULES = YES;
				CLANG_ENABLE_OBJC_ARC = YES;
				CLANG_WARN_BOOL_CONVERSION = YES;
				CLANG_WARN_CONSTANT_CONVERSION = YES;
				CLANG_WARN_DIRECT_OBJC_ISA_USAGE = YES_ERROR;
				CLANG_WARN_EMPTY_BODY = YES;
				CLANG_WARN_ENUM_CONVERSION = YES;
				CLANG_WARN_INT_CONVERSION = YES;
				CLANG_WARN_OBJC_ROOT_CLASS = YES_ERROR;
				CLANG_WARN__DUPLICATE_METHOD_MATCH = YES;
				"CODE_SIGN_IDENTITY[sdk=iphoneos*]" = "iPhone Developer";
				COPY_PHASE_STRIP = YES;
				ENABLE_NS_ASSERTIONS = NO;
				GCC_C_LANGUAGE_STANDARD = gnu99;
				GCC_WARN_64_TO_32_BIT_CONVERSION = YES;
				GCC_WARN_ABOUT_RETURN_TYPE = YES_ERROR;
				GCC_WARN_UNDECLARED_SELECTOR = YES;
				GCC_WARN_UNINITIALIZED_AUTOS = YES_AGGRESSIVE;
				GCC_WARN_UNUSED_FUNCTION = YES;
				GCC_WARN_UNUSED_VARIABLE = YES;
				IPHONEOS_DEPLOYMENT_TARGET = 7.1;
				SDKROOT = iphoneos;
				VALIDATE_PRODUCT = YES;
			};
			name = Release;
		};
		07332E6518D4D1C200BC197E /* Debug */ = {
			isa = XCBuildConfiguration;
			buildSettings = {
				ASSETCATALOG_COMPILER_APPICON_NAME = AppIcon;
				ASSETCATALOG_COMPILER_LAUNCHIMAGE_NAME = LaunchImage;
				GCC_PRECOMPILE_PREFIX_HEADER = YES;
				GCC_PREFIX_HEADER = "ProfileViewer/ProfileViewer-Prefix.pch";
				INFOPLIST_FILE = "ProfileViewer/ProfileViewer-Info.plist";
				PRODUCT_NAME = "$(TARGET_NAME)";
				WRAPPER_EXTENSION = app;
			};
			name = Debug;
		};
		07332E6618D4D1C200BC197E /* Release */ = {
			isa = XCBuildConfiguration;
			buildSettings = {
				ASSETCATALOG_COMPILER_APPICON_NAME = AppIcon;
				ASSETCATALOG_COMPILER_LAUNCHIMAGE_NAME = LaunchImage;
				GCC_PRECOMPILE_PREFIX_HEADER = YES;
				GCC_PREFIX_HEADER = "ProfileViewer/ProfileViewer-Prefix.pch";
				INFOPLIST_FILE = "ProfileViewer/ProfileViewer-Info.plist";
				PRODUCT_NAME = "$(TARGET_NAME)";
				WRAPPER_EXTENSION = app;
			};
			name = Release;
		};
		07332E6818D4D1C200BC197E /* Debug */ = {
			isa = XCBuildConfiguration;
			buildSettings = {
				BUNDLE_LOADER = "$(BUILT_PRODUCTS_DIR)/ProfileViewer.app/ProfileViewer";
				FRAMEWORK_SEARCH_PATHS = (
					"$(SDKROOT)/Developer/Library/Frameworks",
					"$(inherited)",
					"$(DEVELOPER_FRAMEWORKS_DIR)",
				);
				GCC_PRECOMPILE_PREFIX_HEADER = YES;
				GCC_PREFIX_HEADER = "ProfileViewer/ProfileViewer-Prefix.pch";
				GCC_PREPROCESSOR_DEFINITIONS = (
					"DEBUG=1",
					"$(inherited)",
				);
				INFOPLIST_FILE = "ProfileViewerTests/ProfileViewerTests-Info.plist";
				PRODUCT_NAME = "$(TARGET_NAME)";
				TEST_HOST = "$(BUNDLE_LOADER)";
				WRAPPER_EXTENSION = xctest;
			};
			name = Debug;
		};
		07332E6918D4D1C200BC197E /* Release */ = {
			isa = XCBuildConfiguration;
			buildSettings = {
				BUNDLE_LOADER = "$(BUILT_PRODUCTS_DIR)/ProfileViewer.app/ProfileViewer";
				FRAMEWORK_SEARCH_PATHS = (
					"$(SDKROOT)/Developer/Library/Frameworks",
					"$(inherited)",
					"$(DEVELOPER_FRAMEWORKS_DIR)",
				);
				GCC_PRECOMPILE_PREFIX_HEADER = YES;
				GCC_PREFIX_HEADER = "ProfileViewer/ProfileViewer-Prefix.pch";
				INFOPLIST_FILE = "ProfileViewerTests/ProfileViewerTests-Info.plist";
				PRODUCT_NAME = "$(TARGET_NAME)";
				TEST_HOST = "$(BUNDLE_LOADER)";
				WRAPPER_EXTENSION = xctest;
			};
			name = Release;
		};
/* End XCBuildConfiguration section */

/* Begin XCConfigurationList section */
		07332E3318D4D1C200BC197E /* Build configuration list for PBXProject "ProfileViewer" */ = {
			isa = XCConfigurationList;
			buildConfigurations = (
				07332E6218D4D1C200BC197E /* Debug */,
				07332E6318D4D1C200BC197E /* Release */,
			);
			defaultConfigurationIsVisible = 0;
			defaultConfigurationName = Release;
		};
		07332E6418D4D1C200BC197E /* Build configuration list for PBXNativeTarget "ProfileViewer" */ = {
			isa = XCConfigurationList;
			buildConfigurations = (
				07332E6518D4D1C200BC197E /* Debug */,
				07332E6618D4D1C200BC197E /* Release */,
			);
			defaultConfigurationIsVisible = 0;
		};
		07332E6718D4D1C200BC197E /* Build configuration list for PBXNativeTarget "ProfileViewerTests" */ = {
			isa = XCConfigurationList;
			buildConfigurations = (
				07332E6818D4D1C200BC197E /* Debug */,
				07332E6918D4D1C200BC197E /* Release */,
			);
			defaultConfigurationIsVisible = 0;
		};
/* End XCConfigurationList section */
	};
	rootObject = 07332E3018D4D1C200BC197E /* Project object */;
}
